
Microsoft Visual Studio Solution File, Format Version 12.00
# Visual Studio Version 16
VisualStudioVersion = 16.0.33423.256
MinimumVisualStudioVersion = 10.0.40219.1
Project("{FAE04EC0-301F-11D3-BF4B-00C04F79EFBC}") = "Casino.Api", "Casino.Api\Casino.Api.csproj", "{71EA9AFA-BA06-4AEA-8B98-FFA2AA8960CA}"
EndProject
Project("{FAE04EC0-301F-11D3-BF4B-00C04F79EFBC}") = "Repository", "Repository\Repository.csproj", "{8C688CDD-503B-4948-887B-F1FF99793FA9}"
EndProject
Project("{FAE04EC0-301F-11D3-BF4B-00C04F79EFBC}") = "Domain", "Domain\Domain.csproj", "{CEFFFDB9-A770-49A3-A16B-FB91E9707282}"
EndProject
Global
	GlobalSection(SolutionConfigurationPlatforms) = preSolution
		Debug|Any CPU = Debug|Any CPU
		Release|Any CPU = Release|Any CPU
	EndGlobalSection
	GlobalSection(ProjectConfigurationPlatforms) = postSolution
		{71EA9AFA-BA06-4AEA-8B98-FFA2AA8960CA}.Debug|Any CPU.ActiveCfg = Debug|Any CPU
		{71EA9AFA-BA06-4AEA-8B98-FFA2AA8960CA}.Debug|Any CPU.Build.0 = Debug|Any CPU
		{71EA9AFA-BA06-4AEA-8B98-FFA2AA8960CA}.Release|Any CPU.ActiveCfg = Release|Any CPU
		{71EA9AFA-BA06-4AEA-8B98-FFA2AA8960CA}.Release|Any CPU.Build.0 = Release|Any CPU
		{8C688CDD-503B-4948-887B-F1FF99793FA9}.Debug|Any CPU.ActiveCfg = Debug|Any CPU
		{8C688CDD-503B-4948-887B-F1FF99793FA9}.Debug|Any CPU.Build.0 = Debug|Any CPU
		{8C688CDD-503B-4948-887B-F1FF99793FA9}.Release|Any CPU.ActiveCfg = Release|Any CPU
		{8C688CDD-503B-4948-887B-F1FF99793FA9}.Release|Any CPU.Build.0 = Release|Any CPU
		{CEFFFDB9-A770-49A3-A16B-FB91E9707282}.Debug|Any CPU.ActiveCfg = Debug|Any CPU
		{CEFFFDB9-A770-49A3-A16B-FB91E9707282}.Debug|Any CPU.Build.0 = Debug|Any CPU
		{CEFFFDB9-A770-49A3-A16B-FB91E9707282}.Release|Any CPU.ActiveCfg = Release|Any CPU
		{CEFFFDB9-A770-49A3-A16B-FB91E9707282}.Release|Any CPU.Build.0 = Release|Any CPU
	EndGlobalSection
	GlobalSection(SolutionProperties) = preSolution
		HideSolutionNode = FALSE
	EndGlobalSection
	GlobalSection(ExtensibilityGlobals) = postSolution
		SolutionGuid = {8C68735E-9F59-430B-8943-F398EB73045D}
	EndGlobalSection
EndGlobal
